{
  "name": "sombrero",
  "lockfileVersion": 3,
  "requires": true,
  "packages": {
    "": {
      "dependencies": {
        "@openrouter/sdk": "^0.5.1"
      }
    },
    "node_modules/@openrouter/sdk": {
      "version": "0.5.1",
      "resolved": "https://registry.npmjs.org/@openrouter/sdk/-/sdk-0.5.1.tgz",
      "integrity": "sha512-Kl0N1jIj7A3lnkM5dO3SGP8JP3jAozzs6JWcHVuZUBt5DsGKxFGNH1Y15bCfsJiLNA2ylAQpCN3aNcgEYkkL5Q==",
      "hasInstallScript": true,
      "license": "Apache-2.0",
      "dependencies": {
        "zod": "^3.25.0 || ^4.0.0"
      }
    },
    "node_modules/zod": {
      "version": "4.3.6",
      "resolved": "https://registry.npmjs.org/zod/-/zod-4.3.6.tgz",
      "integrity": "sha512-rftlrkhHZOcjDwkGlnUtZZkvaPHCsDATp4pGpuOOMDaTdDDXF91wuVDJoWoPsKX/3YPQ5fHuF3STjcYyKr+Qhg==",
      "license": "MIT",
      "funding": {
        "url": "https://github.com/sponsors/colinhacks"
      }
    }
  }
}
